// !$*UTF8*$!
{
	archiveVersion = 1;
	classes = {
	};
	objectVersion = 56;
	objects = {

/* Begin PBXBuildFile section */
		831EC7EC2A93C21100FFEE86 /* ToDoAppApp.swift in Sources */ = {isa = PBXBuildFile; fileRef = 831EC7EB2A93C21100FFEE86 /* ToDoAppApp.swift */; };
		831EC7EE2A93C21100FFEE86 /* ContentView.swift in Sources */ = {isa = PBXBuildFile; fileRef = 831EC7ED2A93C21100FFEE86 /* ContentView.swift */; };
		831EC7F02A93C21200FFEE86 /* Assets.xcassets in Resources */ = {isa = PBXBuildFile; fileRef = 831EC7EF2A93C21200FFEE86 /* Assets.xcassets */; };
		831EC7F32A93C21200FFEE86 /* Preview Assets.xcassets in Resources */ = {isa = PBXBuildFile; fileRef = 831EC7F22A93C21200FFEE86 /* Preview Assets.xcassets */; };
		831EC7FD2A93C30300FFEE86 /* HomeScreen.swift in Sources */ = {isa = PBXBuildFile; fileRef = 831EC7FC2A93C30300FFEE86 /* HomeScreen.swift */; };
		831EC7FF2A93C54200FFEE86 /* ListItemView.swift in Sources */ = {isa = PBXBuildFile; fileRef = 831EC7FE2A93C54200FFEE86 /* ListItemView.swift */; };
		831EC8012A93C58600FFEE86 /* NoItemsView.swift in Sources */ = {isa = PBXBuildFile; fileRef = 831EC8002A93C58600FFEE86 /* NoItemsView.swift */; };
		831EC8032A93CE1400FFEE86 /* ToDoModel.swift in Sources */ = {isa = PBXBuildFile; fileRef = 831EC8022A93CE1400FFEE86 /* ToDoModel.swift */; };
		831EC8052A93CE9A00FFEE86 /* AddItemView.swift in Sources */ = {isa = PBXBuildFile; fileRef = 831EC8042A93CE9A00FFEE86 /* AddItemView.swift */; };
		831EC8072A94750900FFEE86 /* AddItemViewViewModel.swift in Sources */ = {isa = PBXBuildFile; fileRef = 831EC8062A94750900FFEE86 /* AddItemViewViewModel.swift */; };
		831EC8092A99C5C200FFEE86 /* SingleListItemView.swift in Sources */ = {isa = PBXBuildFile; fileRef = 831EC8082A99C5C200FFEE86 /* SingleListItemView.swift */; };
/* End PBXBuildFile section */

/* Begin PBXFileReference section */
		831EC7E82A93C21100FFEE86 /* ToDoApp.app */ = {isa = PBXFileReference; explicitFileType = wrapper.application; includeInIndex = 0; path = ToDoApp.app; sourceTree = BUILT_PRODUCTS_DIR; };
		831EC7EB2A93C21100FFEE86 /* ToDoAppApp.swift */ = {isa = PBXFileReference; lastKnownFileType = sourcecode.swift; path = ToDoAppApp.swift; sourceTree = "<group>"; };
		831EC7ED2A93C21100FFEE86 /* ContentView.swift */ = {isa = PBXFileReference; lastKnownFileType = sourcecode.swift; path = ContentView.swift; sourceTree = "<group>"; };
		831EC7EF2A93C21200FFEE86 /* Assets.xcassets */ = {isa = PBXFileReference; lastKnownFileType = folder.assetcatalog; path = Assets.xcassets; sourceTree = "<group>"; };
		831EC7F22A93C21200FFEE86 /* Preview Assets.xcassets */ = {isa = PBXFileReference; lastKnownFileType = folder.assetcatalog; path = "Preview Assets.xcassets"; sourceTree = "<group>"; };
		831EC7FC2A93C30300FFEE86 /* HomeScreen.swift */ = {isa = PBXFileReference; lastKnownFileType = sourcecode.swift; path = HomeScreen.swift; sourceTree = "<group>"; };
		831EC7FE2A93C54200FFEE86 /* ListItemView.swift */ = {isa = PBXFileReference; lastKnownFileType = sourcecode.swift; path = ListItemView.swift; sourceTree = "<group>"; };
		831EC8002A93C58600FFEE86 /* NoItemsView.swift */ = {isa = PBXFileReference; lastKnownFileType = sourcecode.swift; path = NoItemsView.swift; sourceTree = "<group>"; };
		831EC8022A93CE1400FFEE86 /* ToDoModel.swift */ = {isa = PBXFileReference; lastKnownFileType = sourcecode.swift; path = ToDoModel.swift; sourceTree = "<group>"; };
		831EC8042A93CE9A00FFEE86 /* AddItemView.swift */ = {isa = PBXFileReference; lastKnownFileType = sourcecode.swift; path = AddItemView.swift; sourceTree = "<group>"; };
		831EC8062A94750900FFEE86 /* AddItemViewViewModel.swift */ = {isa = PBXFileReference; lastKnownFileType = sourcecode.swift; path = AddItemViewViewModel.swift; sourceTree = "<group>"; };
		831EC8082A99C5C200FFEE86 /* SingleListItemView.swift */ = {isa = PBXFileReference; lastKnownFileType = sourcecode.swift; path = SingleListItemView.swift; sourceTree = "<group>"; };
/* End PBXFileReference section */

/* Begin PBXFrameworksBuildPhase section */
		831EC7E52A93C21100FFEE86 /* Frameworks */ = {
			isa = PBXFrameworksBuildPhase;
			buildActionMask = 2147483647;
			files = (
			);
			runOnlyForDeploymentPostprocessing = 0;
		};
/* End PBXFrameworksBuildPhase section */

/* Begin PBXGroup section */
		831EC7DF2A93C21100FFEE86 = {
			isa = PBXGroup;
			children = (
				831EC7EA2A93C21100FFEE86 /* ToDoApp */,
				831EC7E92A93C21100FFEE86 /* Products */,
			);
			sourceTree = "<group>";
		};
		831EC7E92A93C21100FFEE86 /* Products */ = {
			isa = PBXGroup;
			children = (
				831EC7E82A93C21100FFEE86 /* ToDoApp.app */,
			);
			name = Products;
			sourceTree = "<group>";
		};
		831EC7EA2A93C21100FFEE86 /* ToDoApp */ = {
			isa = PBXGroup;
			children = (
				831EC7FB2A93C2D500FFEE86 /* Model */,
				831EC7FA2A93C2BD00FFEE86 /* ViewModel */,
				831EC7F92A93C2B100FFEE86 /* Views */,
				831EC7EB2A93C21100FFEE86 /* ToDoAppApp.swift */,
				831EC7EF2A93C21200FFEE86 /* Assets.xcassets */,
				831EC7F12A93C21200FFEE86 /* Preview Content */,
			);
			path = ToDoApp;
			sourceTree = "<group>";
		};
		831EC7F12A93C21200FFEE86 /* Preview Content */ = {
			isa = PBXGroup;
			children = (
				831EC7F22A93C21200FFEE86 /* Preview Assets.xcassets */,
			);
			path = "Preview Content";
			sourceTree = "<group>";
		};
		831EC7F92A93C2B100FFEE86 /* Views */ = {
			isa = PBXGroup;
			children = (
				831EC7ED2A93C21100FFEE86 /* ContentView.swift */,
				831EC8002A93C58600FFEE86 /* NoItemsView.swift */,
				831EC7FC2A93C30300FFEE86 /* HomeScreen.swift */,
				831EC7FE2A93C54200FFEE86 /* ListItemView.swift */,
				831EC8042A93CE9A00FFEE86 /* AddItemView.swift */,
				831EC8082A99C5C200FFEE86 /* SingleListItemView.swift */,
			);
			path = Views;
			sourceTree = "<group>";
		};
		831EC7FA2A93C2BD00FFEE86 /* ViewModel */ = {
			isa = PBXGroup;
			children = (
				831EC8062A94750900FFEE86 /* AddItemViewViewModel.swift */,
			);
			path = ViewModel;
			sourceTree = "<group>";
		};
		831EC7FB2A93C2D500FFEE86 /* Model */ = {
			isa = PBXGroup;
			children = (
				831EC8022A93CE1400FFEE86 /* ToDoModel.swift */,
			);
			path = Model;
			sourceTree = "<group>";
		};
/* End PBXGroup section */

/* Begin PBXNativeTarget section */
		831EC7E72A93C21100FFEE86 /* ToDoApp */ = {
			isa = PBXNativeTarget;
			buildConfigurationList = 831EC7F62A93C21200FFEE86 /* Build configuration list for PBXNativeTarget "ToDoApp" */;
			buildPhases = (
				831EC7E42A93C21100FFEE86 /* Sources */,
				831EC7E52A93C21100FFEE86 /* Frameworks */,
				831EC7E62A93C21100FFEE86 /* Resources */,
			);
			buildRules = (
			);
			dependencies = (
			);
			name = ToDoApp;
			productName = ToDoApp;
			productReference = 831EC7E82A93C21100FFEE86 /* ToDoApp.app */;
			productType = "com.apple.product-type.application";
		};
/* End PBXNativeTarget section */

/* Begin PBXProject section */
		831EC7E02A93C21100FFEE86 /* Project object */ = {
			isa = PBXProject;
			attributes = {
				BuildIndependentTargetsInParallel = 1;
				LastSwiftUpdateCheck = 1410;
				LastUpgradeCheck = 1410;
				TargetAttributes = {
					831EC7E72A93C21100FFEE86 = {
						CreatedOnToolsVersion = 14.1;
					};
				};
			};
			buildConfigurationList = 831EC7E32A93C21100FFEE86 /* Build configuration list for PBXProject "ToDoApp" */;
			compatibilityVersion = "Xcode 14.0";
			developmentRegion = en;
			hasScannedForEncodings = 0;
			knownRegions = (
				en,
				Base,
			);
			mainGroup = 831EC7DF2A93C21100FFEE86;
			productRefGroup = 831EC7E92A93C21100FFEE86 /* Products */;
			projectDirPath = "";
			projectRoot = "";
			targets = (
				831EC7E72A93C21100FFEE86 /* ToDoApp */,
			);
		};
/* End PBXProject section */

/* Begin PBXResourcesBuildPhase section */
		831EC7E62A93C21100FFEE86 /* Resources */ = {
			isa = PBXResourcesBuildPhase;
			buildActionMask = 2147483647;
			files = (
				831EC7F32A93C21200FFEE86 /* Preview Assets.xcassets in Resources */,
				831EC7F02A93C21200FFEE86 /* Assets.xcassets in Resources */,
			);
			runOnlyForDeploymentPostprocessing = 0;
		};
/* End PBXResourcesBuildPhase section */

/* Begin PBXSourcesBuildPhase section */
		831EC7E42A93C21100FFEE86 /* Sources */ = {
			isa = PBXSourcesBuildPhase;
			buildActionMask = 2147483647;
			files = (
				831EC7EE2A93C21100FFEE86 /* ContentView.swift in Sources */,
				831EC7EC2A93C21100FFEE86 /* ToDoAppApp.swift in Sources */,
				831EC8052A93CE9A00FFEE86 /* AddItemView.swift in Sources */,
				831EC7FD2A93C30300FFEE86 /* HomeScreen.swift in Sources */,
				831EC8092A99C5C200FFEE86 /* SingleListItemView.swift in Sources */,
				831EC8072A94750900FFEE86 /* AddItemViewViewModel.swift in Sources */,
				831EC7FF2A93C54200FFEE86 /* ListItemView.swift in Sources */,
				831EC8012A93C58600FFEE86 /* NoItemsView.swift in Sources */,
				831EC8032A93CE1400FFEE86 /* ToDoModel.swift in Sources */,
			);
			runOnlyForDeploymentPostprocessing = 0;
		};
/* End PBXSourcesBuildPhase section */

/* Begin XCBuildConfiguration section */
		831EC7F42A93C21200FFEE86 /* Debug */ = {
			isa = XCBuildConfiguration;
			buildSettings = {
				ALWAYS_SEARCH_USER_PATHS = NO;
				CLANG_ANALYZER_NONNULL = YES;
				CLANG_ANALYZER_NUMBER_OBJECT_CONVERSION = YES_AGGRESSIVE;
				CLANG_CXX_LANGUAGE_STANDARD = "gnu++20";
				CLANG_ENABLE_MODULES = YES;
				CLANG_ENABLE_OBJC_ARC = YES;
				CLANG_ENABLE_OBJC_WEAK = YES;
				CLANG_WARN_BLOCK_CAPTURE_AUTORELEASING = YES;
				CLANG_WARN_BOOL_CONVERSION = YES;
				CLANG_WARN_COMMA = YES;
				CLANG_WARN_CONSTANT_CONVERSION = YES;
				CLANG_WARN_DEPRECATED_OBJC_IMPLEMENTATIONS = YES;
				CLANG_WARN_DIRECT_OBJC_ISA_USAGE = YES_ERROR;
				CLANG_WARN_DOCUMENTATION_COMMENTS = YES;
				CLANG_WARN_EMPTY_BODY = YES;
				CLANG_WARN_ENUM_CONVERSION = YES;
				CLANG_WARN_INFINITE_RECURSION = YES;
				CLANG_WARN_INT_CONVERSION = YES;
				CLANG_WARN_NON_LITERAL_NULL_CONVERSION = YES;
				CLANG_WARN_OBJC_IMPLICIT_RETAIN_SELF = YES;
				CLANG_WARN_OBJC_LITERAL_CONVERSION = YES;
				CLANG_WARN_OBJC_ROOT_CLASS = YES_ERROR;
				CLANG_WARN_QUOTED_INCLUDE_IN_FRAMEWORK_HEADER = YES;
				CLANG_WARN_RANGE_LOOP_ANALYSIS = YES;
				CLANG_WARN_STRICT_PROTOTYPES = YES;
				CLANG_WARN_SUSPICIOUS_MOVE = YES;
				CLANG_WARN_UNGUARDED_AVAILABILITY = YES_AGGRESSIVE;
				CLANG_WARN_UNREACHABLE_CODE = YES;
				CLANG_WARN__DUPLICATE_METHOD_MATCH = YES;
				COPY_PHASE_STRIP = NO;
				DEBUG_INFORMATION_FORMAT = dwarf;
				ENABLE_STRICT_OBJC_MSGSEND = YES;
				ENABLE_TESTABILITY = YES;
				GCC_C_LANGUAGE_STANDARD = gnu11;
				GCC_DYNAMIC_NO_PIC = NO;
				GCC_NO_COMMON_BLOCKS = YES;
				GCC_OPTIMIZATION_LEVEL = 0;
				GCC_PREPROCESSOR_DEFINITIONS = (
					"DEBUG=1",
					"$(inherited)",
				);
				GCC_WARN_64_TO_32_BIT_CONVERSION = YES;
				GCC_WARN_ABOUT_RETURN_TYPE = YES_ERROR;
				GCC_WARN_UNDECLARED_SELECTOR = YES;
				GCC_WARN_UNINITIALIZED_AUTOS = YES_AGGRESSIVE;
				GCC_WARN_UNUSED_FUNCTION = YES;
				GCC_WARN_UNUSED_VARIABLE = YES;
				IPHONEOS_DEPLOYMENT_TARGET = 16.1;
				MTL_ENABLE_DEBUG_INFO = INCLUDE_SOURCE;
				MTL_FAST_MATH = YES;
				ONLY_ACTIVE_ARCH = YES;
				SDKROOT = iphoneos;
				SWIFT_ACTIVE_COMPILATION_CONDITIONS = DEBUG;
				SWIFT_OPTIMIZATION_LEVEL = "-Onone";
			};
			name = Debug;
		};
		831EC7F52A93C21200FFEE86 /* Release */ = {
			isa = XCBuildConfiguration;
			buildSettings = {
				ALWAYS_SEARCH_USER_PATHS = NO;
				CLANG_ANALYZER_NONNULL = YES;
				CLANG_ANALYZER_NUMBER_OBJECT_CONVERSION = YES_AGGRESSIVE;
				CLANG_CXX_LANGUAGE_STANDARD = "gnu++20";
				CLANG_ENABLE_MODULES = YES;
				CLANG_ENABLE_OBJC_ARC = YES;
				CLANG_ENABLE_OBJC_WEAK = YES;
				CLANG_WARN_BLOCK_CAPTURE_AUTORELEASING = YES;
				CLANG_WARN_BOOL_CONVERSION = YES;
				CLANG_WARN_COMMA = YES;
				CLANG_WARN_CONSTANT_CONVERSION = YES;
				CLANG_WARN_DEPRECATED_OBJC_IMPLEMENTATIONS = YES;
				CLANG_WARN_DIRECT_OBJC_ISA_USAGE = YES_ERROR;
				CLANG_WARN_DOCUMENTATION_COMMENTS = YES;
				CLANG_WARN_EMPTY_BODY = YES;
				CLANG_WARN_ENUM_CONVERSION = YES;
				CLANG_WARN_INFINITE_RECURSION = YES;
				CLANG_WARN_INT_CONVERSION = YES;
				CLANG_WARN_NON_LITERAL_NULL_CONVERSION = YES;
				CLANG_WARN_OBJC_IMPLICIT_RETAIN_SELF = YES;
				CLANG_WARN_OBJC_LITERAL_CONVERSION = YES;
				CLANG_WARN_OBJC_ROOT_CLASS = YES_ERROR;
				CLANG_WARN_QUOTED_INCLUDE_IN_FRAMEWORK_HEADER = YES;
				CLANG_WARN_RANGE_LOOP_ANALYSIS = YES;
				CLANG_WARN_STRICT_PROTOTYPES = YES;
				CLANG_WARN_SUSPICIOUS_MOVE = YES;
				CLANG_WARN_UNGUARDED_AVAILABILITY = YES_AGGRESSIVE;
				CLANG_WARN_UNREACHABLE_CODE = YES;
				CLANG_WARN__DUPLICATE_METHOD_MATCH = YES;
				COPY_PHASE_STRIP = NO;
				DEBUG_INFORMATION_FORMAT = "dwarf-with-dsym";
				ENABLE_NS_ASSERTIONS = NO;
				ENABLE_STRICT_OBJC_MSGSEND = YES;
				GCC_C_LANGUAGE_STANDARD = gnu11;
				GCC_NO_COMMON_BLOCKS = YES;
				GCC_WARN_64_TO_32_BIT_CONVERSION = YES;
				GCC_WARN_ABOUT_RETURN_TYPE = YES_ERROR;
				GCC_WARN_UNDECLARED_SELECTOR = YES;
				GCC_WARN_UNINITIALIZED_AUTOS = YES_AGGRESSIVE;
				GCC_WARN_UNUSED_FUNCTION = YES;
				GCC_WARN_UNUSED_VARIABLE = YES;
				IPHONEOS_DEPLOYMENT_TARGET = 16.1;
				MTL_ENABLE_DEBUG_INFO = NO;
				MTL_FAST_MATH = YES;
				SDKROOT = iphoneos;
				SWIFT_COMPILATION_MODE = wholemodule;
				SWIFT_OPTIMIZATION_LEVEL = "-O";
				VALIDATE_PRODUCT = YES;
			};
			name = Release;
		};
		831EC7F72A93C21200FFEE86 /* Debug */ = {
			isa = XCBuildConfiguration;
			buildSettings = {
				ASSETCATALOG_COMPILER_APPICON_NAME = AppIcon;
				ASSETCATALOG_COMPILER_GLOBAL_ACCENT_COLOR_NAME = AccentColor;
				CODE_SIGN_STYLE = Automatic;
				CURRENT_PROJECT_VERSION = 1;
				DEVELOPMENT_ASSET_PATHS = "\"ToDoApp/Preview Content\"";
				ENABLE_PREVIEWS = YES;
				GENERATE_INFOPLIST_FILE = YES;
				INFOPLIST_KEY_UIApplicationSceneManifest_Generation = YES;
				INFOPLIST_KEY_UIApplicationSupportsIndirectInputEvents = YES;
				INFOPLIST_KEY_UILaunchScreen_Generation = YES;
				INFOPLIST_KEY_UISupportedInterfaceOrientations_iPad = "UIInterfaceOrientationPortrait UIInterfaceOrientationPortraitUpsideDown UIInterfaceOrientationLandscapeLeft UIInterfaceOrientationLandscapeRight";
				INFOPLIST_KEY_UISupportedInterfaceOrientations_iPhone = "UIInterfaceOrientationPortrait UIInterfaceOrientationLandscapeLeft UIInterfaceOrientationLandscapeRight";
				LD_RUNPATH_SEARCH_PATHS = (
					"$(inherited)",
					"@executable_path/Frameworks",
				);
				MARKETING_VERSION = 1.0;
				PRODUCT_BUNDLE_IDENTIFIER = com.ratRaceParticipant.ToDoApp;
				PRODUCT_NAME = "$(TARGET_NAME)";
				SWIFT_EMIT_LOC_STRINGS = YES;
				SWIFT_VERSION = 5.0;
				TARGETED_DEVICE_FAMILY = "1,2";
			};
			name = Debug;
		};
		831EC7F82A93C21200FFEE86 /* Release */ = {
			isa = XCBuildConfiguration;
			buildSettings = {
				ASSETCATALOG_COMPILER_APPICON_NAME = AppIcon;
				ASSETCATALOG_COMPILER_GLOBAL_ACCENT_COLOR_NAME = AccentColor;
				CODE_SIGN_STYLE = Automatic;
				CURRENT_PROJECT_VERSION = 1;
				DEVELOPMENT_ASSET_PATHS = "\"ToDoApp/Preview Content\"";
				ENABLE_PREVIEWS = YES;
				GENERATE_INFOPLIST_FILE = YES;
				INFOPLIST_KEY_UIApplicationSceneManifest_Generation = YES;
				INFOPLIST_KEY_UIApplicationSupportsIndirectInputEvents = YES;
				INFOPLIST_KEY_UILaunchScreen_Generation = YES;
				INFOPLIST_KEY_UISupportedInterfaceOrientations_iPad = "UIInterfaceOrientationPortrait UIInterfaceOrientationPortraitUpsideDown UIInterfaceOrientationLandscapeLeft UIInterfaceOrientationLandscapeRight";
				INFOPLIST_KEY_UISupportedInterfaceOrientations_iPhone = "UIInterfaceOrientationPortrait UIInterfaceOrientationLandscapeLeft UIInterfaceOrientationLandscapeRight";
				LD_RUNPATH_SEARCH_PATHS = (
					"$(inherited)",
					"@executable_path/Frameworks",
				);
				MARKETING_VERSION = 1.0;
				PRODUCT_BUNDLE_IDENTIFIER = com.ratRaceParticipant.ToDoApp;
				PRODUCT_NAME = "$(TARGET_NAME)";
				SWIFT_EMIT_LOC_STRINGS = YES;
				SWIFT_VERSION = 5.0;
				TARGETED_DEVICE_FAMILY = "1,2";
			};
			name = Release;
		};
/* End XCBuildConfiguration section */

/* Begin XCConfigurationList section */
		831EC7E32A93C21100FFEE86 /* Build configuration list for PBXProject "ToDoApp" */ = {
			isa = XCConfigurationList;
			buildConfigurations = (
				831EC7F42A93C21200FFEE86 /* Debug */,
				831EC7F52A93C21200FFEE86 /* Release */,
			);
			defaultConfigurationIsVisible = 0;
			defaultConfigurationName = Release;
		};
		831EC7F62A93C21200FFEE86 /* Build configuration list for PBXNativeTarget "ToDoApp" */ = {
			isa = XCConfigurationList;
			buildConfigurations = (
				831EC7F72A93C21200FFEE86 /* Debug */,
				831EC7F82A93C21200FFEE86 /* Release */,
			);
			defaultConfigurationIsVisible = 0;
			defaultConfigurationName = Release;
		};
/* End XCConfigurationList section */
	};
	rootObject = 831EC7E02A93C21100FFEE86 /* Project object */;
}
